<?xml version="1.0" encoding="utf-8"?>
<Project ToolsVersion="4.0" xmlns="http://schemas.microsoft.com/developer/msbuild/2003">
  <ItemGroup>
    <Filter Include="Source Files">
      <UniqueIdentifier>{4FC737F1-C7A5-4376-A066-2A32D752A2FF}</UniqueIdentifier>
      <Extensions>cpp;c;cc;cxx;c++;cppm;ixx;def;odl;idl;hpj;bat;asm;asmx</Extensions>
    </Filter>
    <Filter Include="Header Files">
      <UniqueIdentifier>{93995380-89BD-4b04-88EB-625FBE52EBFB}</UniqueIdentifier>
      <Extensions>h;hh;hpp;hxx;h++;hm;inl;inc;ipp;xsd</Extensions>
    </Filter>
    <Filter Include="Public Header Files">
      <UniqueIdentifier>{003836db-dd79-4fa5-872d-64b90a718b7c}</UniqueIdentifier>
    </Filter>
    <Filter Include="Header Files\Systemic">
      <UniqueIdentifier>{cd0a59a7-4785-4545-932e-7393d3f975dd}</UniqueIdentifier>
    </Filter>
    <Filter Include="Header Files\Systemic\BluetoothLE">
      <UniqueIdentifier>{2cadc9a4-81a4-4b81-a023-b706d5daf2c9}</UniqueIdentifier>
    </Filter>
    <Filter Include="Source Files\Systemic">
      <UniqueIdentifier>{7382f3eb-b81b-4afd-93f5-0dc3b3ff3480}</UniqueIdentifier>
    </Filter>
    <Filter Include="Source Files\Systemic\BluetoothLE">
      <UniqueIdentifier>{f16259c3-f3f4-4bbe-84b6-060fee6ba185}</UniqueIdentifier>
    </Filter>
    <Filter Include="Header Files\Systemic\Internal">
      <UniqueIdentifier>{403866ff-7318-4eaf-8e24-bc637e3bb6e7}</UniqueIdentifier>
    </Filter>
  </ItemGroup>
  <ItemGroup>
    <ClInclude Include="pch.h">
      <Filter>Header Files</Filter>
    </ClInclude>
    <ClInclude Include="..\..\include\cble.h">
      <Filter>Public Header Files</Filter>
    </ClInclude>
    <ClInclude Include="..\..\include\bletypes.h">
      <Filter>Public Header Files</Filter>
    </ClInclude>
    <ClInclude Include="Systemic\ComHelper.h">
      <Filter>Header Files\Systemic</Filter>
    </ClInclude>
    <ClInclude Include="Systemic\BluetoothLE\ScannedPeripheral.h">
      <Filter>Header Files\Systemic\BluetoothLE</Filter>
    </ClInclude>
    <ClInclude Include="Systemic\BluetoothLE\Peripheral.h">
      <Filter>Header Files\Systemic\BluetoothLE</Filter>
    </ClInclude>
    <ClInclude Include="Systemic\BluetoothLE\Scanner.h">
      <Filter>Header Files\Systemic\BluetoothLE</Filter>
    </ClInclude>
    <ClInclude Include="Systemic\BluetoothLE\Service.h">
      <Filter>Header Files\Systemic\BluetoothLE</Filter>
    </ClInclude>
    <ClInclude Include="Systemic\BluetoothLE\Characteristic.h">
      <Filter>Header Files\Systemic\BluetoothLE</Filter>
    </ClInclude>
    <ClInclude Include="Systemic\Internal\Logger.h">
      <Filter>Header Files\Systemic\Internal</Filter>
    </ClInclude>
    <ClInclude Include="Systemic\Internal\Utils.h">
      <Filter>Header Files\Systemic\Internal</Filter>
    </ClInclude>
    <ClInclude Include="Systemic\BluetoothLE\BluetoothLE.h">
      <Filter>Header Files\Systemic\BluetoothLE</Filter>
    </ClInclude>
  </ItemGroup>
  <ItemGroup>
    <ClCompile Include="dllmain.cpp">
      <Filter>Source Files</Filter>
    </ClCompile>
    <ClCompile Include="pch.cpp">
      <Filter>Source Files</Filter>
    </ClCompile>
    <ClCompile Include="Peripheral.cpp">
      <Filter>Source Files\Systemic\BluetoothLE</Filter>
    </ClCompile>
    <ClCompile Include="ComHelper.cpp">
      <Filter>Source Files\Systemic</Filter>
    </ClCompile>
    <ClCompile Include="cble.cpp">
      <Filter>Source Files</Filter>
    </ClCompile>
    <ClCompile Include="BluetoothLE.cpp">
      <Filter>Source Files\Systemic\BluetoothLE</Filter>
    </ClCompile>
  </ItemGroup>
  <ItemGroup>
    <None Include="packages.config" />
  </ItemGroup>
</Project>